
Microsoft Visual Studio Solution File, Format Version 10.00
# Visual Studio 2008
Project("{FAE04EC0-301F-11D3-BF4B-00C04F79EFBC}") = "Balder.Core.Silverlight", "..\Balder.Core\Balder.Core.Silverlight.csproj", "{9F4164D8-6C61-4C4D-B3FF-7AEEE16D9D6B}"
EndProject
Project("{FAE04EC0-301F-11D3-BF4B-00C04F79EFBC}") = "Balder.Core.SoftwareRendering.Silverlight", "..\Balder.Core.SoftwareRendering\Balder.Core.SoftwareRendering.Silverlight.csproj", "{CE1475DE-91CC-45BE-9FA3-6B233D3223D8}"
EndProject
Project("{FAE04EC0-301F-11D3-BF4B-00C04F79EFBC}") = "Balder.Silverlight", "..\Balder.Silverlight\Balder.Silverlight.csproj", "{E39B101E-9447-49EE-B849-BA2A9E4664D0}"
EndProject
Project("{FAE04EC0-301F-11D3-BF4B-00C04F79EFBC}") = "Balder.Silverlight.TestApp", "..\Balder.Silverlight.TestApp\Balder.Silverlight.TestApp.csproj", "{BCCA5043-E7BD-4487-AC0C-24C418855645}"
EndProject
Project("{FAE04EC0-301F-11D3-BF4B-00C04F79EFBC}") = "Balder.Silverlight.TestApp.Web", "..\Balder.Silverlight.TestApp.Web\Balder.Silverlight.TestApp.Web.csproj", "{3029D496-26FD-423A-800B-862168511004}"
EndProject
Project("{FAE04EC0-301F-11D3-BF4B-00C04F79EFBC}") = "Balder.Core.Tests.Silverlight", "..\Balder.Core.Tests\Balder.Core.Tests.Silverlight.csproj", "{14C4473E-12FB-4D78-A607-A84E3FB09322}"
EndProject
Project("{FAE04EC0-301F-11D3-BF4B-00C04F79EFBC}") = "Balder.Specifications.Silverlight", "..\Balder.Specifications\Balder.Specifications.Silverlight.csproj", "{BC5FFD2C-5E8C-4151-B1C9-E8AC98521A26}"
EndProject
Global
	GlobalSection(SolutionConfigurationPlatforms) = preSolution
		Debug|Any CPU = Debug|Any CPU
		Release|Any CPU = Release|Any CPU
	EndGlobalSection
	GlobalSection(ProjectConfigurationPlatforms) = postSolution
		{9F4164D8-6C61-4C4D-B3FF-7AEEE16D9D6B}.Debug|Any CPU.ActiveCfg = Debug|Any CPU
		{9F4164D8-6C61-4C4D-B3FF-7AEEE16D9D6B}.Debug|Any CPU.Build.0 = Debug|Any CPU
		{9F4164D8-6C61-4C4D-B3FF-7AEEE16D9D6B}.Release|Any CPU.ActiveCfg = Release|Any CPU
		{9F4164D8-6C61-4C4D-B3FF-7AEEE16D9D6B}.Release|Any CPU.Build.0 = Release|Any CPU
		{CE1475DE-91CC-45BE-9FA3-6B233D3223D8}.Debug|Any CPU.ActiveCfg = Debug|Any CPU
		{CE1475DE-91CC-45BE-9FA3-6B233D3223D8}.Debug|Any CPU.Build.0 = Debug|Any CPU
		{CE1475DE-91CC-45BE-9FA3-6B233D3223D8}.Release|Any CPU.ActiveCfg = Release|Any CPU
		{CE1475DE-91CC-45BE-9FA3-6B233D3223D8}.Release|Any CPU.Build.0 = Release|Any CPU
		{E39B101E-9447-49EE-B849-BA2A9E4664D0}.Debug|Any CPU.ActiveCfg = Debug|Any CPU
		{E39B101E-9447-49EE-B849-BA2A9E4664D0}.Debug|Any CPU.Build.0 = Debug|Any CPU
		{E39B101E-9447-49EE-B849-BA2A9E4664D0}.Release|Any CPU.ActiveCfg = Release|Any CPU
		{E39B101E-9447-49EE-B849-BA2A9E4664D0}.Release|Any CPU.Build.0 = Release|Any CPU
		{BCCA5043-E7BD-4487-AC0C-24C418855645}.Debug|Any CPU.ActiveCfg = Debug|Any CPU
		{BCCA5043-E7BD-4487-AC0C-24C418855645}.Debug|Any CPU.Build.0 = Debug|Any CPU
		{BCCA5043-E7BD-4487-AC0C-24C418855645}.Release|Any CPU.ActiveCfg = Release|Any CPU
		{BCCA5043-E7BD-4487-AC0C-24C418855645}.Release|Any CPU.Build.0 = Release|Any CPU
		{3029D496-26FD-423A-800B-862168511004}.Debug|Any CPU.ActiveCfg = Debug|Any CPU
		{3029D496-26FD-423A-800B-862168511004}.Debug|Any CPU.Build.0 = Debug|Any CPU
		{3029D496-26FD-423A-800B-862168511004}.Release|Any CPU.ActiveCfg = Release|Any CPU
		{3029D496-26FD-423A-800B-862168511004}.Release|Any CPU.Build.0 = Release|Any CPU
		{14C4473E-12FB-4D78-A607-A84E3FB09322}.Debug|Any CPU.ActiveCfg = Debug|Any CPU
		{14C4473E-12FB-4D78-A607-A84E3FB09322}.Debug|Any CPU.Build.0 = Debug|Any CPU
		{14C4473E-12FB-4D78-A607-A84E3FB09322}.Release|Any CPU.ActiveCfg = Release|Any CPU
		{14C4473E-12FB-4D78-A607-A84E3FB09322}.Release|Any CPU.Build.0 = Release|Any CPU
		{BC5FFD2C-5E8C-4151-B1C9-E8AC98521A26}.Debug|Any CPU.ActiveCfg = Debug|Any CPU
		{BC5FFD2C-5E8C-4151-B1C9-E8AC98521A26}.Debug|Any CPU.Build.0 = Debug|Any CPU
		{BC5FFD2C-5E8C-4151-B1C9-E8AC98521A26}.Release|Any CPU.ActiveCfg = Release|Any CPU
		{BC5FFD2C-5E8C-4151-B1C9-E8AC98521A26}.Release|Any CPU.Build.0 = Release|Any CPU
	EndGlobalSection
	GlobalSection(SolutionProperties) = preSolution
		HideSolutionNode = FALSE
	EndGlobalSection
EndGlobal
