
Microsoft Visual Studio Solution File, Format Version 10.00
# Visual Studio 2008
Project("{FAE04EC0-301F-11D3-BF4B-00C04F79EFBC}") = "Balder.Core.SoftwareRendering", "..\Balder.Core.SoftwareRendering\Balder.Core.SoftwareRendering.csproj", "{78AD108E-3FE9-46C1-A8E5-D0876C7F381A}"
EndProject
Project("{FAE04EC0-301F-11D3-BF4B-00C04F79EFBC}") = "Balder.Windows", "..\Balder.Windows\Balder.Windows.csproj", "{044619D0-B4EA-426A-ACD7-60F3DE821590}"
EndProject
Project("{FAE04EC0-301F-11D3-BF4B-00C04F79EFBC}") = "Balder.Core", "..\Balder.Core\Balder.Core.csproj", "{556B6A97-B0C1-4BA6-A399-F33A56C1BCD7}"
EndProject
Project("{FAE04EC0-301F-11D3-BF4B-00C04F79EFBC}") = "Balder.Windows.TestApp", "..\Balder.Windows.TestApp\Balder.Windows.TestApp.csproj", "{F5CCBCA7-01AB-4FC6-987C-39C2EF759414}"
EndProject
Project("{FAE04EC0-301F-11D3-BF4B-00C04F79EFBC}") = "Balder.Core.Tests", "..\Balder.Core.Tests\Balder.Core.Tests.csproj", "{007BDAF7-C7D2-4DDD-A2EB-ADA6E9F1526D}"
EndProject
Project("{FAE04EC0-301F-11D3-BF4B-00C04F79EFBC}") = "Balder.Specifications", "..\Balder.Specifications\Balder.Specifications.csproj", "{B3E688A6-AC3A-4D7F-92CE-B41D18F3FEDB}"
EndProject
Global
	GlobalSection(TeamFoundationVersionControl) = preSolution
		SccNumberOfProjects = 7
		SccEnterpriseProvider = {4CA58AB2-18FA-4F8D-95D4-32DDF27D184C}
		SccTeamFoundationServer = https://tfs03.codeplex.com/
		SccLocalPath0 = .
		SccProjectUniqueName1 = ..\\Balder.Core.SoftwareRendering\\Balder.Core.SoftwareRendering.csproj
		SccProjectName1 = ../Balder.Core.SoftwareRendering
		SccLocalPath1 = ..\\Balder.Core.SoftwareRendering
		SccProjectUniqueName2 = ..\\Balder.Windows\\Balder.Windows.csproj
		SccProjectName2 = ../Balder.Windows
		SccLocalPath2 = ..\\Balder.Windows
		SccProjectUniqueName3 = ..\\Balder.Core\\Balder.Core.csproj
		SccProjectName3 = ../Balder.Core
		SccLocalPath3 = ..\\Balder.Core
		SccProjectUniqueName4 = ..\\Balder.Windows.TestApp\\Balder.Windows.TestApp.csproj
		SccProjectName4 = ../Balder.Windows.TestApp
		SccLocalPath4 = ..\\Balder.Windows.TestApp
		SccProjectUniqueName5 = ..\\Balder.Core.Tests\\Balder.Core.Tests.csproj
		SccProjectName5 = ../Balder.Core.Tests
		SccLocalPath5 = ..\\Balder.Core.Tests
		SccProjectUniqueName6 = ..\\Balder.Specifications\\Balder.Specifications.csproj
		SccProjectName6 = ../Balder.Specifications
		SccLocalPath6 = ..\\Balder.Specifications
	EndGlobalSection
	GlobalSection(SolutionConfigurationPlatforms) = preSolution
		Debug|Any CPU = Debug|Any CPU
		Release|Any CPU = Release|Any CPU
	EndGlobalSection
	GlobalSection(ProjectConfigurationPlatforms) = postSolution
		{78AD108E-3FE9-46C1-A8E5-D0876C7F381A}.Debug|Any CPU.ActiveCfg = Debug|Any CPU
		{78AD108E-3FE9-46C1-A8E5-D0876C7F381A}.Debug|Any CPU.Build.0 = Debug|Any CPU
		{78AD108E-3FE9-46C1-A8E5-D0876C7F381A}.Release|Any CPU.ActiveCfg = Release|Any CPU
		{78AD108E-3FE9-46C1-A8E5-D0876C7F381A}.Release|Any CPU.Build.0 = Release|Any CPU
		{044619D0-B4EA-426A-ACD7-60F3DE821590}.Debug|Any CPU.ActiveCfg = Debug|Any CPU
		{044619D0-B4EA-426A-ACD7-60F3DE821590}.Debug|Any CPU.Build.0 = Debug|Any CPU
		{044619D0-B4EA-426A-ACD7-60F3DE821590}.Release|Any CPU.ActiveCfg = Release|Any CPU
		{044619D0-B4EA-426A-ACD7-60F3DE821590}.Release|Any CPU.Build.0 = Release|Any CPU
		{556B6A97-B0C1-4BA6-A399-F33A56C1BCD7}.Debug|Any CPU.ActiveCfg = Debug|Any CPU
		{556B6A97-B0C1-4BA6-A399-F33A56C1BCD7}.Debug|Any CPU.Build.0 = Debug|Any CPU
		{556B6A97-B0C1-4BA6-A399-F33A56C1BCD7}.Release|Any CPU.ActiveCfg = Release|Any CPU
		{556B6A97-B0C1-4BA6-A399-F33A56C1BCD7}.Release|Any CPU.Build.0 = Release|Any CPU
		{F5CCBCA7-01AB-4FC6-987C-39C2EF759414}.Debug|Any CPU.ActiveCfg = Debug|Any CPU
		{F5CCBCA7-01AB-4FC6-987C-39C2EF759414}.Debug|Any CPU.Build.0 = Debug|Any CPU
		{F5CCBCA7-01AB-4FC6-987C-39C2EF759414}.Release|Any CPU.ActiveCfg = Release|Any CPU
		{F5CCBCA7-01AB-4FC6-987C-39C2EF759414}.Release|Any CPU.Build.0 = Release|Any CPU
		{007BDAF7-C7D2-4DDD-A2EB-ADA6E9F1526D}.Debug|Any CPU.ActiveCfg = Debug|Any CPU
		{007BDAF7-C7D2-4DDD-A2EB-ADA6E9F1526D}.Debug|Any CPU.Build.0 = Debug|Any CPU
		{007BDAF7-C7D2-4DDD-A2EB-ADA6E9F1526D}.Release|Any CPU.ActiveCfg = Release|Any CPU
		{007BDAF7-C7D2-4DDD-A2EB-ADA6E9F1526D}.Release|Any CPU.Build.0 = Release|Any CPU
		{B3E688A6-AC3A-4D7F-92CE-B41D18F3FEDB}.Debug|Any CPU.ActiveCfg = Debug|Any CPU
		{B3E688A6-AC3A-4D7F-92CE-B41D18F3FEDB}.Debug|Any CPU.Build.0 = Debug|Any CPU
		{B3E688A6-AC3A-4D7F-92CE-B41D18F3FEDB}.Release|Any CPU.ActiveCfg = Release|Any CPU
		{B3E688A6-AC3A-4D7F-92CE-B41D18F3FEDB}.Release|Any CPU.Build.0 = Release|Any CPU
	EndGlobalSection
	GlobalSection(SolutionProperties) = preSolution
		HideSolutionNode = FALSE
	EndGlobalSection
EndGlobal
