
Microsoft Visual Studio Solution File, Format Version 10.00
# Visual Studio 2008
Project("{FAE04EC0-301F-11D3-BF4B-00C04F79EFBC}") = "Balder.Core.Silverlight", "..\Balder.Core\Balder.Core.Silverlight.csproj", "{9F4164D8-6C61-4C4D-B3FF-7AEEE16D9D6B}"
EndProject
Project("{FAE04EC0-301F-11D3-BF4B-00C04F79EFBC}") = "Balder.Silverlight", "..\Balder.Silverlight\Balder.Silverlight.csproj", "{E39B101E-9447-49EE-B849-BA2A9E4664D0}"
EndProject
Project("{FAE04EC0-301F-11D3-BF4B-00C04F79EFBC}") = "Balder.Silverlight.Tests", "..\Balder.Silverlight.Tests\Balder.Silverlight.Tests.csproj", "{1C1B08C4-56B2-44DC-9E78-A18EBB1D4866}"
EndProject
Project("{FAE04EC0-301F-11D3-BF4B-00C04F79EFBC}") = "Balder.Core.Tests.Silverlight", "..\Balder.Core.Tests\Balder.Core.Tests.Silverlight.csproj", "{14C4473E-12FB-4D78-A607-A84E3FB09322}"
EndProject
Project("{FAE04EC0-301F-11D3-BF4B-00C04F79EFBC}") = "Balder.Silverlight.TestApp", "..\Balder.Silverlight.TestApp\Balder.Silverlight.TestApp.csproj", "{BCCA5043-E7BD-4487-AC0C-24C418855645}"
EndProject
Project("{FAE04EC0-301F-11D3-BF4B-00C04F79EFBC}") = "Balder.Silverlight.TestApp.Web", "..\Balder.Silverlight.TestApp.Web\Balder.Silverlight.TestApp.Web.csproj", "{3029D496-26FD-423A-800B-862168511004}"
EndProject
Project("{FAE04EC0-301F-11D3-BF4B-00C04F79EFBC}") = "Balder.Core.SoftwareRendering", "..\Balder.Core.SoftwareRendering\Balder.Core.SoftwareRendering.csproj", "{78AD108E-3FE9-46C1-A8E5-D0876C7F381A}"
EndProject
Project("{FAE04EC0-301F-11D3-BF4B-00C04F79EFBC}") = "Balder.Windows", "..\Balder.Windows\Balder.Windows.csproj", "{044619D0-B4EA-426A-ACD7-60F3DE821590}"
EndProject
Project("{FAE04EC0-301F-11D3-BF4B-00C04F79EFBC}") = "Balder.Core", "..\Balder.Core\Balder.Core.csproj", "{556B6A97-B0C1-4BA6-A399-F33A56C1BCD7}"
EndProject
Project("{FAE04EC0-301F-11D3-BF4B-00C04F79EFBC}") = "Balder.Windows.TestApp", "..\Balder.Windows.TestApp\Balder.Windows.TestApp.csproj", "{F5CCBCA7-01AB-4FC6-987C-39C2EF759414}"
EndProject
Project("{FAE04EC0-301F-11D3-BF4B-00C04F79EFBC}") = "Balder.Core.SoftwareRendering.Silverlight", "..\Balder.Core.SoftwareRendering\Balder.Core.SoftwareRendering.Silverlight.csproj", "{CE1475DE-91CC-45BE-9FA3-6B233D3223D8}"
EndProject
Global
	GlobalSection(TeamFoundationVersionControl) = preSolution
		SccNumberOfProjects = 12
		SccEnterpriseProvider = {4CA58AB2-18FA-4F8D-95D4-32DDF27D184C}
		SccTeamFoundationServer = https://tfs03.codeplex.com/
		SccLocalPath0 = .
		SccProjectUniqueName1 = ..\\Balder.Core\\Balder.Core.Silverlight.csproj
		SccProjectName1 = ../Balder.Core
		SccLocalPath1 = ..\\Balder.Core
		SccProjectUniqueName2 = ..\\Balder.Silverlight\\Balder.Silverlight.csproj
		SccProjectName2 = ../Balder.Silverlight
		SccLocalPath2 = ..\\Balder.Silverlight
		SccProjectUniqueName3 = ..\\Balder.Silverlight.Tests\\Balder.Silverlight.Tests.csproj
		SccProjectName3 = ../Balder.Silverlight.Tests
		SccLocalPath3 = ..\\Balder.Silverlight.Tests
		SccProjectUniqueName4 = ..\\Balder.Core.Tests\\Balder.Core.Tests.Silverlight.csproj
		SccProjectName4 = ../Balder.Core.Tests
		SccLocalPath4 = ..\\Balder.Core.Tests
		SccProjectUniqueName5 = ..\\Balder.Silverlight.TestApp\\Balder.Silverlight.TestApp.csproj
		SccProjectName5 = ../Balder.Silverlight.TestApp
		SccLocalPath5 = ..\\Balder.Silverlight.TestApp
		SccProjectUniqueName6 = ..\\Balder.Silverlight.TestApp.Web\\Balder.Silverlight.TestApp.Web.csproj
		SccProjectName6 = ../Balder.Silverlight.TestApp.Web
		SccLocalPath6 = ..\\Balder.Silverlight.TestApp.Web
		SccProjectUniqueName7 = ..\\Balder.Core.SoftwareRendering\\Balder.Core.SoftwareRendering.csproj
		SccProjectName7 = ../Balder.Core.SoftwareRendering
		SccLocalPath7 = ..\\Balder.Core.SoftwareRendering
		SccProjectUniqueName8 = ..\\Balder.Windows\\Balder.Windows.csproj
		SccProjectName8 = ../Balder.Windows
		SccLocalPath8 = ..\\Balder.Windows
		SccProjectUniqueName9 = ..\\Balder.Core\\Balder.Core.csproj
		SccProjectName9 = ../Balder.Core
		SccLocalPath9 = ..\\Balder.Core
		SccProjectUniqueName10 = ..\\Balder.Windows.TestApp\\Balder.Windows.TestApp.csproj
		SccProjectName10 = ../Balder.Windows.TestApp
		SccLocalPath10 = ..\\Balder.Windows.TestApp
		SccProjectUniqueName11 = ..\\Balder.Core.SoftwareRendering\\Balder.Core.SoftwareRendering.Silverlight.csproj
		SccProjectName11 = ../Balder.Core.SoftwareRendering
		SccLocalPath11 = ..\\Balder.Core.SoftwareRendering
	EndGlobalSection
	GlobalSection(SolutionConfigurationPlatforms) = preSolution
		Debug|Any CPU = Debug|Any CPU
		Release|Any CPU = Release|Any CPU
	EndGlobalSection
	GlobalSection(ProjectConfigurationPlatforms) = postSolution
		{9F4164D8-6C61-4C4D-B3FF-7AEEE16D9D6B}.Debug|Any CPU.ActiveCfg = Debug|Any CPU
		{9F4164D8-6C61-4C4D-B3FF-7AEEE16D9D6B}.Debug|Any CPU.Build.0 = Debug|Any CPU
		{9F4164D8-6C61-4C4D-B3FF-7AEEE16D9D6B}.Release|Any CPU.ActiveCfg = Release|Any CPU
		{9F4164D8-6C61-4C4D-B3FF-7AEEE16D9D6B}.Release|Any CPU.Build.0 = Release|Any CPU
		{E39B101E-9447-49EE-B849-BA2A9E4664D0}.Debug|Any CPU.ActiveCfg = Debug|Any CPU
		{E39B101E-9447-49EE-B849-BA2A9E4664D0}.Debug|Any CPU.Build.0 = Debug|Any CPU
		{E39B101E-9447-49EE-B849-BA2A9E4664D0}.Release|Any CPU.ActiveCfg = Release|Any CPU
		{E39B101E-9447-49EE-B849-BA2A9E4664D0}.Release|Any CPU.Build.0 = Release|Any CPU
		{1C1B08C4-56B2-44DC-9E78-A18EBB1D4866}.Debug|Any CPU.ActiveCfg = Debug|Any CPU
		{1C1B08C4-56B2-44DC-9E78-A18EBB1D4866}.Debug|Any CPU.Build.0 = Debug|Any CPU
		{1C1B08C4-56B2-44DC-9E78-A18EBB1D4866}.Release|Any CPU.ActiveCfg = Release|Any CPU
		{1C1B08C4-56B2-44DC-9E78-A18EBB1D4866}.Release|Any CPU.Build.0 = Release|Any CPU
		{14C4473E-12FB-4D78-A607-A84E3FB09322}.Debug|Any CPU.ActiveCfg = Debug|Any CPU
		{14C4473E-12FB-4D78-A607-A84E3FB09322}.Debug|Any CPU.Build.0 = Debug|Any CPU
		{14C4473E-12FB-4D78-A607-A84E3FB09322}.Release|Any CPU.ActiveCfg = Release|Any CPU
		{14C4473E-12FB-4D78-A607-A84E3FB09322}.Release|Any CPU.Build.0 = Release|Any CPU
		{BCCA5043-E7BD-4487-AC0C-24C418855645}.Debug|Any CPU.ActiveCfg = Debug|Any CPU
		{BCCA5043-E7BD-4487-AC0C-24C418855645}.Debug|Any CPU.Build.0 = Debug|Any CPU
		{BCCA5043-E7BD-4487-AC0C-24C418855645}.Release|Any CPU.ActiveCfg = Release|Any CPU
		{BCCA5043-E7BD-4487-AC0C-24C418855645}.Release|Any CPU.Build.0 = Release|Any CPU
		{3029D496-26FD-423A-800B-862168511004}.Debug|Any CPU.ActiveCfg = Debug|Any CPU
		{3029D496-26FD-423A-800B-862168511004}.Debug|Any CPU.Build.0 = Debug|Any CPU
		{3029D496-26FD-423A-800B-862168511004}.Release|Any CPU.ActiveCfg = Release|Any CPU
		{3029D496-26FD-423A-800B-862168511004}.Release|Any CPU.Build.0 = Release|Any CPU
		{78AD108E-3FE9-46C1-A8E5-D0876C7F381A}.Debug|Any CPU.ActiveCfg = Debug|Any CPU
		{78AD108E-3FE9-46C1-A8E5-D0876C7F381A}.Debug|Any CPU.Build.0 = Debug|Any CPU
		{78AD108E-3FE9-46C1-A8E5-D0876C7F381A}.Release|Any CPU.ActiveCfg = Release|Any CPU
		{78AD108E-3FE9-46C1-A8E5-D0876C7F381A}.Release|Any CPU.Build.0 = Release|Any CPU
		{044619D0-B4EA-426A-ACD7-60F3DE821590}.Debug|Any CPU.ActiveCfg = Debug|Any CPU
		{044619D0-B4EA-426A-ACD7-60F3DE821590}.Debug|Any CPU.Build.0 = Debug|Any CPU
		{044619D0-B4EA-426A-ACD7-60F3DE821590}.Release|Any CPU.ActiveCfg = Release|Any CPU
		{044619D0-B4EA-426A-ACD7-60F3DE821590}.Release|Any CPU.Build.0 = Release|Any CPU
		{556B6A97-B0C1-4BA6-A399-F33A56C1BCD7}.Debug|Any CPU.ActiveCfg = Debug|Any CPU
		{556B6A97-B0C1-4BA6-A399-F33A56C1BCD7}.Debug|Any CPU.Build.0 = Debug|Any CPU
		{556B6A97-B0C1-4BA6-A399-F33A56C1BCD7}.Release|Any CPU.ActiveCfg = Release|Any CPU
		{556B6A97-B0C1-4BA6-A399-F33A56C1BCD7}.Release|Any CPU.Build.0 = Release|Any CPU
		{F5CCBCA7-01AB-4FC6-987C-39C2EF759414}.Debug|Any CPU.ActiveCfg = Debug|Any CPU
		{F5CCBCA7-01AB-4FC6-987C-39C2EF759414}.Debug|Any CPU.Build.0 = Debug|Any CPU
		{F5CCBCA7-01AB-4FC6-987C-39C2EF759414}.Release|Any CPU.ActiveCfg = Release|Any CPU
		{F5CCBCA7-01AB-4FC6-987C-39C2EF759414}.Release|Any CPU.Build.0 = Release|Any CPU
		{CE1475DE-91CC-45BE-9FA3-6B233D3223D8}.Debug|Any CPU.ActiveCfg = Debug|Any CPU
		{CE1475DE-91CC-45BE-9FA3-6B233D3223D8}.Debug|Any CPU.Build.0 = Debug|Any CPU
		{CE1475DE-91CC-45BE-9FA3-6B233D3223D8}.Release|Any CPU.ActiveCfg = Release|Any CPU
		{CE1475DE-91CC-45BE-9FA3-6B233D3223D8}.Release|Any CPU.Build.0 = Release|Any CPU
	EndGlobalSection
	GlobalSection(SolutionProperties) = preSolution
		HideSolutionNode = FALSE
	EndGlobalSection
EndGlobal
