
Microsoft Visual Studio Solution File, Format Version 10.00
# Visual Studio 2008
Project("{FAE04EC0-301F-11D3-BF4B-00C04F79EFBC}") = "Balder.Core", "..\Balder.Core\Balder.Core.csproj", "{9F4164D8-6C61-4C4D-B3FF-7AEEE16D9D6B}"
EndProject
Project("{FAE04EC0-301F-11D3-BF4B-00C04F79EFBC}") = "Coverflow", "..\Samples\Coverflow\Coverflow.csproj", "{F3C43301-FECB-4E63-BDD1-889CF47E1E65}"
EndProject
Project("{FAE04EC0-301F-11D3-BF4B-00C04F79EFBC}") = "Coverflow.Web", "..\Samples\Coverflow.Web\Coverflow.Web.csproj", "{8E23F659-30F8-410D-B185-47812335B3AE}"
EndProject
Global
	GlobalSection(TeamFoundationVersionControl) = preSolution
		SccNumberOfProjects = 1
		SccEnterpriseProvider = {4CA58AB2-18FA-4F8D-95D4-32DDF27D184C}
		SccTeamFoundationServer = https://tfs03.codeplex.com/
		SccProjectUniqueName0 = ..\\Balder.Core\\Balder.Core.csproj
		SccProjectName0 = ../Balder.Core
		SccAuxPath0 = https://tfs03.codeplex.com
		SccLocalPath0 = ..\\Balder.Core
		SccProvider0 = {4CA58AB2-18FA-4F8D-95D4-32DDF27D184C}
	EndGlobalSection
	GlobalSection(SolutionConfigurationPlatforms) = preSolution
		Debug|Any CPU = Debug|Any CPU
		Release|Any CPU = Release|Any CPU
	EndGlobalSection
	GlobalSection(ProjectConfigurationPlatforms) = postSolution
		{9F4164D8-6C61-4C4D-B3FF-7AEEE16D9D6B}.Debug|Any CPU.ActiveCfg = Debug|Any CPU
		{9F4164D8-6C61-4C4D-B3FF-7AEEE16D9D6B}.Debug|Any CPU.Build.0 = Debug|Any CPU
		{9F4164D8-6C61-4C4D-B3FF-7AEEE16D9D6B}.Release|Any CPU.ActiveCfg = Release|Any CPU
		{9F4164D8-6C61-4C4D-B3FF-7AEEE16D9D6B}.Release|Any CPU.Build.0 = Release|Any CPU
		{F3C43301-FECB-4E63-BDD1-889CF47E1E65}.Debug|Any CPU.ActiveCfg = Debug|Any CPU
		{F3C43301-FECB-4E63-BDD1-889CF47E1E65}.Debug|Any CPU.Build.0 = Debug|Any CPU
		{F3C43301-FECB-4E63-BDD1-889CF47E1E65}.Release|Any CPU.ActiveCfg = Release|Any CPU
		{F3C43301-FECB-4E63-BDD1-889CF47E1E65}.Release|Any CPU.Build.0 = Release|Any CPU
		{8E23F659-30F8-410D-B185-47812335B3AE}.Debug|Any CPU.ActiveCfg = Debug|Any CPU
		{8E23F659-30F8-410D-B185-47812335B3AE}.Debug|Any CPU.Build.0 = Debug|Any CPU
		{8E23F659-30F8-410D-B185-47812335B3AE}.Release|Any CPU.ActiveCfg = Release|Any CPU
		{8E23F659-30F8-410D-B185-47812335B3AE}.Release|Any CPU.Build.0 = Release|Any CPU
	EndGlobalSection
	GlobalSection(SolutionProperties) = preSolution
		HideSolutionNode = FALSE
	EndGlobalSection
EndGlobal
