
Microsoft Visual Studio Solution File, Format Version 10.00
# Visual Studio 2008
Project("{FAE04EC0-301F-11D3-BF4B-00C04F79EFBC}") = "Balder.Core", "..\Balder.Core\Balder.Core.csproj", "{9F4164D8-6C61-4C4D-B3FF-7AEEE16D9D6B}"
EndProject
Project("{FAE04EC0-301F-11D3-BF4B-00C04F79EFBC}") = "SlotMachine", "..\Samples\SlotMachine\SlotMachine.csproj", "{0F82637D-7D91-45FB-9ABB-0F371C34F4A0}"
EndProject
Project("{FAE04EC0-301F-11D3-BF4B-00C04F79EFBC}") = "SlotMachine.Web", "..\Samples\SlotMachine.Web\SlotMachine.Web.csproj", "{81E34AE8-BD51-4188-8441-7F63DC9449D4}"
EndProject
Global
	GlobalSection(TeamFoundationVersionControl) = preSolution
		SccNumberOfProjects = 3
		SccEnterpriseProvider = {4CA58AB2-18FA-4F8D-95D4-32DDF27D184C}
		SccTeamFoundationServer = https://tfs03.codeplex.com/
		SccProjectUniqueName0 = ..\\Balder.Core\\Balder.Core.csproj
		SccProjectName0 = ../Balder.Core
		SccAuxPath0 = https://tfs03.codeplex.com
		SccLocalPath0 = ..\\Balder.Core
		SccProvider0 = {4CA58AB2-18FA-4F8D-95D4-32DDF27D184C}
		SccProjectUniqueName1 = ..\\Samples\\SlotMachine\\SlotMachine.csproj
		SccProjectName1 = ../Samples/SlotMachine
		SccAuxPath1 = https://tfs03.codeplex.com
		SccLocalPath1 = ..\\Samples\\SlotMachine
		SccProvider1 = {4CA58AB2-18FA-4F8D-95D4-32DDF27D184C}
		SccProjectUniqueName2 = ..\\Samples\\SlotMachine.Web\\SlotMachine.Web.csproj
		SccProjectName2 = ../Samples/SlotMachine.Web
		SccAuxPath2 = https://tfs03.codeplex.com
		SccLocalPath2 = ..\\Samples\\SlotMachine.Web
		SccProvider2 = {4CA58AB2-18FA-4F8D-95D4-32DDF27D184C}
	EndGlobalSection
	GlobalSection(SolutionConfigurationPlatforms) = preSolution
		Debug|Any CPU = Debug|Any CPU
		Release|Any CPU = Release|Any CPU
	EndGlobalSection
	GlobalSection(ProjectConfigurationPlatforms) = postSolution
		{9F4164D8-6C61-4C4D-B3FF-7AEEE16D9D6B}.Debug|Any CPU.ActiveCfg = Debug|Any CPU
		{9F4164D8-6C61-4C4D-B3FF-7AEEE16D9D6B}.Debug|Any CPU.Build.0 = Debug|Any CPU
		{9F4164D8-6C61-4C4D-B3FF-7AEEE16D9D6B}.Release|Any CPU.ActiveCfg = Release|Any CPU
		{9F4164D8-6C61-4C4D-B3FF-7AEEE16D9D6B}.Release|Any CPU.Build.0 = Release|Any CPU
		{0F82637D-7D91-45FB-9ABB-0F371C34F4A0}.Debug|Any CPU.ActiveCfg = Debug|Any CPU
		{0F82637D-7D91-45FB-9ABB-0F371C34F4A0}.Debug|Any CPU.Build.0 = Debug|Any CPU
		{0F82637D-7D91-45FB-9ABB-0F371C34F4A0}.Release|Any CPU.ActiveCfg = Release|Any CPU
		{0F82637D-7D91-45FB-9ABB-0F371C34F4A0}.Release|Any CPU.Build.0 = Release|Any CPU
		{81E34AE8-BD51-4188-8441-7F63DC9449D4}.Debug|Any CPU.ActiveCfg = Debug|Any CPU
		{81E34AE8-BD51-4188-8441-7F63DC9449D4}.Debug|Any CPU.Build.0 = Debug|Any CPU
		{81E34AE8-BD51-4188-8441-7F63DC9449D4}.Release|Any CPU.ActiveCfg = Release|Any CPU
		{81E34AE8-BD51-4188-8441-7F63DC9449D4}.Release|Any CPU.Build.0 = Release|Any CPU
	EndGlobalSection
	GlobalSection(SolutionProperties) = preSolution
		HideSolutionNode = FALSE
	EndGlobalSection
EndGlobal
